
Microsoft Visual Studio Solution File, Format Version 12.00
# Visual Studio Version 17
VisualStudioVersion = 17.2.32602.215
MinimumVisualStudioVersion = 10.0.40219.1
Project("{9A19103F-16F7-4668-BE54-9A1E7A4F7556}") = "P03AplikacjaPogodaClientAPI", "P03AplikacjaPogodaClientAPI\P03AplikacjaPogodaClientAPI.csproj", "{D4F228C7-61C2-4F8C-B929-448BD9FB625E}"
EndProject
Project("{9A19103F-16F7-4668-BE54-9A1E7A4F7556}") = "P04Sklep.API", "P04Sklep.API\P04Sklep.API.csproj", "{C38518B3-9624-4B98-831B-A067BB4C0533}"
EndProject
Project("{9A19103F-16F7-4668-BE54-9A1E7A4F7556}") = "P05Sklep.Shared", "P05Sklep.Shared\P05Sklep.Shared.csproj", "{07CB9D5C-028D-479F-A41E-A6586FBC243F}"
EndProject
Project("{9A19103F-16F7-4668-BE54-9A1E7A4F7556}") = "P06Sklep.DataSeeder", "P06Sklep.DataSeeder\P06Sklep.DataSeeder.csproj", "{4271DFB6-64A8-4237-BB3B-E5FA7D80732C}"
EndProject
Project("{FAE04EC0-301F-11D3-BF4B-00C04F79EFBC}") = "P07Blazor.Client", "P07Blazor.Client\P07Blazor.Client.csproj", "{EF8A5E1C-32D4-4C24-B607-22219065376A}"
EndProject
Global
	GlobalSection(SolutionConfigurationPlatforms) = preSolution
		Debug|Any CPU = Debug|Any CPU
		Release|Any CPU = Release|Any CPU
	EndGlobalSection
	GlobalSection(ProjectConfigurationPlatforms) = postSolution
		{D4F228C7-61C2-4F8C-B929-448BD9FB625E}.Debug|Any CPU.ActiveCfg = Debug|Any CPU
		{D4F228C7-61C2-4F8C-B929-448BD9FB625E}.Debug|Any CPU.Build.0 = Debug|Any CPU
		{D4F228C7-61C2-4F8C-B929-448BD9FB625E}.Release|Any CPU.ActiveCfg = Release|Any CPU
		{D4F228C7-61C2-4F8C-B929-448BD9FB625E}.Release|Any CPU.Build.0 = Release|Any CPU
		{C38518B3-9624-4B98-831B-A067BB4C0533}.Debug|Any CPU.ActiveCfg = Debug|Any CPU
		{C38518B3-9624-4B98-831B-A067BB4C0533}.Debug|Any CPU.Build.0 = Debug|Any CPU
		{C38518B3-9624-4B98-831B-A067BB4C0533}.Release|Any CPU.ActiveCfg = Release|Any CPU
		{C38518B3-9624-4B98-831B-A067BB4C0533}.Release|Any CPU.Build.0 = Release|Any CPU
		{07CB9D5C-028D-479F-A41E-A6586FBC243F}.Debug|Any CPU.ActiveCfg = Debug|Any CPU
		{07CB9D5C-028D-479F-A41E-A6586FBC243F}.Debug|Any CPU.Build.0 = Debug|Any CPU
		{07CB9D5C-028D-479F-A41E-A6586FBC243F}.Release|Any CPU.ActiveCfg = Release|Any CPU
		{07CB9D5C-028D-479F-A41E-A6586FBC243F}.Release|Any CPU.Build.0 = Release|Any CPU
		{4271DFB6-64A8-4237-BB3B-E5FA7D80732C}.Debug|Any CPU.ActiveCfg = Debug|Any CPU
		{4271DFB6-64A8-4237-BB3B-E5FA7D80732C}.Debug|Any CPU.Build.0 = Debug|Any CPU
		{4271DFB6-64A8-4237-BB3B-E5FA7D80732C}.Release|Any CPU.ActiveCfg = Release|Any CPU
		{4271DFB6-64A8-4237-BB3B-E5FA7D80732C}.Release|Any CPU.Build.0 = Release|Any CPU
		{EF8A5E1C-32D4-4C24-B607-22219065376A}.Debug|Any CPU.ActiveCfg = Debug|Any CPU
		{EF8A5E1C-32D4-4C24-B607-22219065376A}.Debug|Any CPU.Build.0 = Debug|Any CPU
		{EF8A5E1C-32D4-4C24-B607-22219065376A}.Release|Any CPU.ActiveCfg = Release|Any CPU
		{EF8A5E1C-32D4-4C24-B607-22219065376A}.Release|Any CPU.Build.0 = Release|Any CPU
	EndGlobalSection
	GlobalSection(SolutionProperties) = preSolution
		HideSolutionNode = FALSE
	EndGlobalSection
	GlobalSection(ExtensibilityGlobals) = postSolution
		SolutionGuid = {20FB5AD2-5E09-4AE0-B01C-5CE04F2F667C}
	EndGlobalSection
EndGlobal
